
Microsoft Visual Studio Solution File, Format Version 12.00
# Visual Studio Version 17
VisualStudioVersion = 17.14.37012.4
MinimumVisualStudioVersion = 10.0.40219.1
Project("{2150E333-8FDC-42A3-9474-1A3956D46DE8}") = "src", "src", "{02EA681E-C7D8-13C7-8484-4AC65E1B71E8}"
EndProject
Project("{2150E333-8FDC-42A3-9474-1A3956D46DE8}") = "test", "test", "{B88068BC-BB6F-42F4-A673-4F990D0D19CA}"
EndProject
Project("{FAE04EC0-301F-11D3-BF4B-00C04F79EFBC}") = "Boj.Rackspace.Api", "src\Boj.Rackspace.Api\Boj.Rackspace.Api.csproj", "{9827F7E1-A04B-6051-A75F-2A3C53A92D2D}"
EndProject
Project("{FAE04EC0-301F-11D3-BF4B-00C04F79EFBC}") = "Boj.RackSpace.Application", "Boj.RackSpace.Application\Boj.RackSpace.Application.csproj", "{CB5FB37A-2961-47BA-8D24-A90E71D55E52}"
EndProject
Project("{FAE04EC0-301F-11D3-BF4B-00C04F79EFBC}") = "Boj.RackSpace.Domain", "Boj.RackSpace.Domain\Boj.RackSpace.Domain.csproj", "{09E6FC06-BAF3-4D0E-A3B5-0A1A889525F3}"
EndProject
Project("{FAE04EC0-301F-11D3-BF4B-00C04F79EFBC}") = "Boj.Rackspace.Infrastructure", "Boj.Rackspace.Infrastructure\Boj.Rackspace.Infrastructure.csproj", "{CC7D4240-0E6C-418A-819A-5E9AF49244CA}"
EndProject
Global
	GlobalSection(SolutionConfigurationPlatforms) = preSolution
		Debug|Any CPU = Debug|Any CPU
		Release|Any CPU = Release|Any CPU
	EndGlobalSection
	GlobalSection(ProjectConfigurationPlatforms) = postSolution
		{9827F7E1-A04B-6051-A75F-2A3C53A92D2D}.Debug|Any CPU.ActiveCfg = Debug|Any CPU
		{9827F7E1-A04B-6051-A75F-2A3C53A92D2D}.Debug|Any CPU.Build.0 = Debug|Any CPU
		{9827F7E1-A04B-6051-A75F-2A3C53A92D2D}.Release|Any CPU.ActiveCfg = Release|Any CPU
		{9827F7E1-A04B-6051-A75F-2A3C53A92D2D}.Release|Any CPU.Build.0 = Release|Any CPU
		{CB5FB37A-2961-47BA-8D24-A90E71D55E52}.Debug|Any CPU.ActiveCfg = Debug|Any CPU
		{CB5FB37A-2961-47BA-8D24-A90E71D55E52}.Debug|Any CPU.Build.0 = Debug|Any CPU
		{CB5FB37A-2961-47BA-8D24-A90E71D55E52}.Release|Any CPU.ActiveCfg = Release|Any CPU
		{CB5FB37A-2961-47BA-8D24-A90E71D55E52}.Release|Any CPU.Build.0 = Release|Any CPU
		{09E6FC06-BAF3-4D0E-A3B5-0A1A889525F3}.Debug|Any CPU.ActiveCfg = Debug|Any CPU
		{09E6FC06-BAF3-4D0E-A3B5-0A1A889525F3}.Debug|Any CPU.Build.0 = Debug|Any CPU
		{09E6FC06-BAF3-4D0E-A3B5-0A1A889525F3}.Release|Any CPU.ActiveCfg = Release|Any CPU
		{09E6FC06-BAF3-4D0E-A3B5-0A1A889525F3}.Release|Any CPU.Build.0 = Release|Any CPU
		{CC7D4240-0E6C-418A-819A-5E9AF49244CA}.Debug|Any CPU.ActiveCfg = Debug|Any CPU
		{CC7D4240-0E6C-418A-819A-5E9AF49244CA}.Debug|Any CPU.Build.0 = Debug|Any CPU
		{CC7D4240-0E6C-418A-819A-5E9AF49244CA}.Release|Any CPU.ActiveCfg = Release|Any CPU
		{CC7D4240-0E6C-418A-819A-5E9AF49244CA}.Release|Any CPU.Build.0 = Release|Any CPU
	EndGlobalSection
	GlobalSection(SolutionProperties) = preSolution
		HideSolutionNode = FALSE
	EndGlobalSection
	GlobalSection(NestedProjects) = preSolution
		{9827F7E1-A04B-6051-A75F-2A3C53A92D2D} = {02EA681E-C7D8-13C7-8484-4AC65E1B71E8}
		{CB5FB37A-2961-47BA-8D24-A90E71D55E52} = {02EA681E-C7D8-13C7-8484-4AC65E1B71E8}
		{09E6FC06-BAF3-4D0E-A3B5-0A1A889525F3} = {02EA681E-C7D8-13C7-8484-4AC65E1B71E8}
		{CC7D4240-0E6C-418A-819A-5E9AF49244CA} = {02EA681E-C7D8-13C7-8484-4AC65E1B71E8}
	EndGlobalSection
	GlobalSection(ExtensibilityGlobals) = postSolution
		SolutionGuid = {19A47CE9-EA85-4327-957D-CE6867CA7C56}
	EndGlobalSection
EndGlobal
